
Microsoft Visual Studio Solution File, Format Version 12.00
# Visual Studio 15
VisualStudioVersion = 15.0.27703.2035
MinimumVisualStudioVersion = 10.0.40219.1
Project("{2150E333-8FDC-42A3-9474-1A3956D46DE8}") = "Domain", "Domain", "{C17F67B8-590A-4E76-881A-D780CBB80764}"
EndProject
Project("{9A19103F-16F7-4668-BE54-9A1E7A4F7556}") = "Model", "Model\Model.csproj", "{62D1DE74-56B2-4161-A131-D77AE8B9D22F}"
EndProject
Project("{9A19103F-16F7-4668-BE54-9A1E7A4F7556}") = "Repository", "Repository\Repository.csproj", "{52A95428-0513-4C91-8F34-CBE29AF82262}"
EndProject
Project("{2150E333-8FDC-42A3-9474-1A3956D46DE8}") = "Infra", "Infra", "{BA607B97-48BF-49D8-82C5-CCCAF6E7DC4B}"
EndProject
Project("{9A19103F-16F7-4668-BE54-9A1E7A4F7556}") = "Context", "Context\Context.csproj", "{1777A7F7-41B6-4251-BAC2-B56C79411DA6}"
EndProject
Project("{2150E333-8FDC-42A3-9474-1A3956D46DE8}") = "Application", "Application", "{97C7C08A-94B0-4078-8B6F-F7086D33BF74}"
EndProject
Project("{9A19103F-16F7-4668-BE54-9A1E7A4F7556}") = "Business", "Business\Business.csproj", "{602A1BA8-13ED-4E3E-B40A-A0E9258796C1}"
EndProject
Project("{00D1A9C2-B5F0-4AF3-8072-F6C62B433612}") = "Database", "Database\Database.sqlproj", "{CE53D678-9686-4710-8852-0D947655756E}"
EndProject
Project("{2150E333-8FDC-42A3-9474-1A3956D46DE8}") = "WebUI", "WebUI", "{B26FE56F-AAB0-4AC3-A59E-D1DF15C7F478}"
EndProject
Project("{9A19103F-16F7-4668-BE54-9A1E7A4F7556}") = "WebApp", "WebApp\WebApp.csproj", "{9C3CAD28-7227-4C0D-9C38-B19FC742B4A2}"
EndProject
Project("{FAE04EC0-301F-11D3-BF4B-00C04F79EFBC}") = "Resource", "Resource\Resource.csproj", "{6D460073-E687-45BB-A423-7166A40D63F6}"
EndProject
Global
	GlobalSection(SolutionConfigurationPlatforms) = preSolution
		Debug|Any CPU = Debug|Any CPU
		Release|Any CPU = Release|Any CPU
	EndGlobalSection
	GlobalSection(ProjectConfigurationPlatforms) = postSolution
		{62D1DE74-56B2-4161-A131-D77AE8B9D22F}.Debug|Any CPU.ActiveCfg = Debug|Any CPU
		{62D1DE74-56B2-4161-A131-D77AE8B9D22F}.Debug|Any CPU.Build.0 = Debug|Any CPU
		{62D1DE74-56B2-4161-A131-D77AE8B9D22F}.Release|Any CPU.ActiveCfg = Release|Any CPU
		{62D1DE74-56B2-4161-A131-D77AE8B9D22F}.Release|Any CPU.Build.0 = Release|Any CPU
		{52A95428-0513-4C91-8F34-CBE29AF82262}.Debug|Any CPU.ActiveCfg = Debug|Any CPU
		{52A95428-0513-4C91-8F34-CBE29AF82262}.Debug|Any CPU.Build.0 = Debug|Any CPU
		{52A95428-0513-4C91-8F34-CBE29AF82262}.Release|Any CPU.ActiveCfg = Release|Any CPU
		{52A95428-0513-4C91-8F34-CBE29AF82262}.Release|Any CPU.Build.0 = Release|Any CPU
		{1777A7F7-41B6-4251-BAC2-B56C79411DA6}.Debug|Any CPU.ActiveCfg = Debug|Any CPU
		{1777A7F7-41B6-4251-BAC2-B56C79411DA6}.Debug|Any CPU.Build.0 = Debug|Any CPU
		{1777A7F7-41B6-4251-BAC2-B56C79411DA6}.Release|Any CPU.ActiveCfg = Release|Any CPU
		{1777A7F7-41B6-4251-BAC2-B56C79411DA6}.Release|Any CPU.Build.0 = Release|Any CPU
		{602A1BA8-13ED-4E3E-B40A-A0E9258796C1}.Debug|Any CPU.ActiveCfg = Debug|Any CPU
		{602A1BA8-13ED-4E3E-B40A-A0E9258796C1}.Debug|Any CPU.Build.0 = Debug|Any CPU
		{602A1BA8-13ED-4E3E-B40A-A0E9258796C1}.Release|Any CPU.ActiveCfg = Release|Any CPU
		{602A1BA8-13ED-4E3E-B40A-A0E9258796C1}.Release|Any CPU.Build.0 = Release|Any CPU
		{CE53D678-9686-4710-8852-0D947655756E}.Debug|Any CPU.ActiveCfg = Debug|Any CPU
		{CE53D678-9686-4710-8852-0D947655756E}.Debug|Any CPU.Build.0 = Debug|Any CPU
		{CE53D678-9686-4710-8852-0D947655756E}.Debug|Any CPU.Deploy.0 = Debug|Any CPU
		{CE53D678-9686-4710-8852-0D947655756E}.Release|Any CPU.ActiveCfg = Release|Any CPU
		{CE53D678-9686-4710-8852-0D947655756E}.Release|Any CPU.Build.0 = Release|Any CPU
		{CE53D678-9686-4710-8852-0D947655756E}.Release|Any CPU.Deploy.0 = Release|Any CPU
		{9C3CAD28-7227-4C0D-9C38-B19FC742B4A2}.Debug|Any CPU.ActiveCfg = Debug|Any CPU
		{9C3CAD28-7227-4C0D-9C38-B19FC742B4A2}.Debug|Any CPU.Build.0 = Debug|Any CPU
		{9C3CAD28-7227-4C0D-9C38-B19FC742B4A2}.Release|Any CPU.ActiveCfg = Release|Any CPU
		{9C3CAD28-7227-4C0D-9C38-B19FC742B4A2}.Release|Any CPU.Build.0 = Release|Any CPU
		{6D460073-E687-45BB-A423-7166A40D63F6}.Debug|Any CPU.ActiveCfg = Debug|Any CPU
		{6D460073-E687-45BB-A423-7166A40D63F6}.Debug|Any CPU.Build.0 = Debug|Any CPU
		{6D460073-E687-45BB-A423-7166A40D63F6}.Release|Any CPU.ActiveCfg = Release|Any CPU
		{6D460073-E687-45BB-A423-7166A40D63F6}.Release|Any CPU.Build.0 = Release|Any CPU
	EndGlobalSection
	GlobalSection(SolutionProperties) = preSolution
		HideSolutionNode = FALSE
	EndGlobalSection
	GlobalSection(NestedProjects) = preSolution
		{62D1DE74-56B2-4161-A131-D77AE8B9D22F} = {C17F67B8-590A-4E76-881A-D780CBB80764}
		{52A95428-0513-4C91-8F34-CBE29AF82262} = {C17F67B8-590A-4E76-881A-D780CBB80764}
		{1777A7F7-41B6-4251-BAC2-B56C79411DA6} = {BA607B97-48BF-49D8-82C5-CCCAF6E7DC4B}
		{602A1BA8-13ED-4E3E-B40A-A0E9258796C1} = {97C7C08A-94B0-4078-8B6F-F7086D33BF74}
		{CE53D678-9686-4710-8852-0D947655756E} = {BA607B97-48BF-49D8-82C5-CCCAF6E7DC4B}
		{9C3CAD28-7227-4C0D-9C38-B19FC742B4A2} = {B26FE56F-AAB0-4AC3-A59E-D1DF15C7F478}
		{6D460073-E687-45BB-A423-7166A40D63F6} = {BA607B97-48BF-49D8-82C5-CCCAF6E7DC4B}
	EndGlobalSection
	GlobalSection(ExtensibilityGlobals) = postSolution
		SolutionGuid = {E27DC2DD-451C-40ED-ABD9-28ADDDACDDB1}
	EndGlobalSection
EndGlobal
